<?xml version="1.0" encoding="utf-8"?>
<Project ToolsVersion="4.0" xmlns="http://schemas.microsoft.com/developer/msbuild/2003">
  <ItemGroup>
    <Filter Include="Source File">
      <UniqueIdentifier>{4FC737F1-C7A5-4376-A066-2A32D752A2FF}</UniqueIdentifier>
      <Extensions>cpp;c;cc;cxx;c++;cppm;ixx;def;odl;idl;hpj;bat;asm;asmx</Extensions>
    </Filter>
    <Filter Include="Source File\DX11Render">
      <UniqueIdentifier>{95cfee9f-6f4f-4b8a-ba13-d926ffca411a}</UniqueIdentifier>
    </Filter>
    <Filter Include="Source File\Object">
      <UniqueIdentifier>{1ed34d0a-3803-4be8-b1d0-b437b19cd5ab}</UniqueIdentifier>
    </Filter>
    <Filter Include="Source File\Object\Axis">
      <UniqueIdentifier>{339587e6-9b5f-4a6d-99c9-afd86f227381}</UniqueIdentifier>
    </Filter>
    <Filter Include="Source File\Object\Grid">
      <UniqueIdentifier>{dc97d9b2-05c1-42f5-8ea3-5706f58ae3bf}</UniqueIdentifier>
    </Filter>
    <Filter Include="Source File\Object\Camera">
      <UniqueIdentifier>{3ad1b6bc-7f72-43ea-9675-a8d81cc82980}</UniqueIdentifier>
    </Filter>
    <Filter Include="Source File\Object\Cube">
      <UniqueIdentifier>{c116090e-80f4-4565-85b2-c07d9a2cabf1}</UniqueIdentifier>
    </Filter>
    <Filter Include="Source File\Shader&amp;Vertex">
      <UniqueIdentifier>{68aa9d4b-7cd8-484a-a2b3-b33097580db9}</UniqueIdentifier>
    </Filter>
    <Filter Include="Source File\Shader&amp;Vertex\Shader">
      <UniqueIdentifier>{8101fc45-4b8f-40d3-a98a-8037ed429971}</UniqueIdentifier>
    </Filter>
    <Filter Include="Source File\DllInterface">
      <UniqueIdentifier>{9e396500-431d-4c2d-a6a3-cff4ca0b000f}</UniqueIdentifier>
    </Filter>
    <Filter Include="Source File\Texture">
      <UniqueIdentifier>{5c625633-9e8b-4fe1-9a33-dd24a13e5b6e}</UniqueIdentifier>
    </Filter>
    <Filter Include="Source File\FBXLoader">
      <UniqueIdentifier>{7933402e-e337-430f-9e08-ee4d359ed8ca}</UniqueIdentifier>
    </Filter>
    <Filter Include="Resource File">
      <UniqueIdentifier>{67DA6AB6-F800-4c08-8B7A-83BB121AAD01}</UniqueIdentifier>
      <Extensions>rc;ico;cur;bmp;dlg;rc2;rct;bin;rgs;gif;jpg;jpeg;jpe;resx;tiff;tif;png;wav;mfcribbon-ms</Extensions>
    </Filter>
    <Filter Include="Source File\FBXLoader\SDK">
      <UniqueIdentifier>{90b3906a-77d4-4863-ae58-1f4e11a15f1a}</UniqueIdentifier>
    </Filter>
    <Filter Include="Source File\Util">
      <UniqueIdentifier>{3b4803be-e03f-4f59-95f3-283d8563ee3f}</UniqueIdentifier>
    </Filter>
  </ItemGroup>
  <ItemGroup>
    <ClInclude Include="DX11Render.h">
      <Filter>Source File\DX11Render</Filter>
    </ClInclude>
    <ClInclude Include="IDX11Render.h">
      <Filter>Source File\DllInterface</Filter>
    </ClInclude>
    <ClInclude Include="Vertex.h">
      <Filter>Source File\Shader&amp;Vertex</Filter>
    </ClInclude>
    <ClInclude Include="RenderableBase.h">
      <Filter>Source File\Object</Filter>
    </ClInclude>
    <ClInclude Include="Axis.h">
      <Filter>Source File\Object\Axis</Filter>
    </ClInclude>
    <ClInclude Include="Cube.h">
      <Filter>Source File\Object\Cube</Filter>
    </ClInclude>
    <ClInclude Include="Grid.h">
      <Filter>Source File\Object\Grid</Filter>
    </ClInclude>
    <ClInclude Include="Camera.h">
      <Filter>Source File\Object\Camera</Filter>
    </ClInclude>
    <ClInclude Include="d3dx11effect.h">
      <Filter>Source File\DX11Render</Filter>
    </ClInclude>
    <ClInclude Include="TextureLoader.h">
      <Filter>Source File\Texture</Filter>
    </ClInclude>
    <ClInclude Include="ICamera.h">
      <Filter>Source File\Object\Camera</Filter>
    </ClInclude>
    <ClInclude Include="Renderable.h">
      <Filter>Source File\DllInterface</Filter>
    </ClInclude>
    <ClInclude Include="Mesh.h">
      <Filter>Source File\Shader&amp;Vertex</Filter>
    </ClInclude>
    <ClInclude Include="FbxLoaderV4.h">
      <Filter>Source File\FBXLoader\SDK</Filter>
    </ClInclude>
    <ClInclude Include="Utility.h">
      <Filter>Source File\Util</Filter>
    </ClInclude>
  </ItemGroup>
  <ItemGroup>
    <ClCompile Include="DX11Render.cpp">
      <Filter>Source File\DX11Render</Filter>
    </ClCompile>
    <ClCompile Include="Axis.cpp">
      <Filter>Source File\Object\Axis</Filter>
    </ClCompile>
    <ClCompile Include="Cube.cpp">
      <Filter>Source File\Object\Cube</Filter>
    </ClCompile>
    <ClCompile Include="Grid.cpp">
      <Filter>Source File\Object\Grid</Filter>
    </ClCompile>
    <ClCompile Include="Camera.cpp">
      <Filter>Source File\Object\Camera</Filter>
    </ClCompile>
    <ClCompile Include="TextureLoader.cpp">
      <Filter>Source File\Texture</Filter>
    </ClCompile>
    <ClCompile Include="aptoDllInterface.cpp">
      <Filter>Source File\DllInterface</Filter>
    </ClCompile>
    <ClCompile Include="FbxLoaderV4.cpp">
      <Filter>Source File\FBXLoader\SDK</Filter>
    </ClCompile>
  </ItemGroup>
  <ItemGroup>
    <FxCompile Include="Basic.fx">
      <Filter>Source File\Shader&amp;Vertex\Shader</Filter>
    </FxCompile>
    <FxCompile Include="BasicTex.fx">
      <Filter>Source File\Shader&amp;Vertex\Shader</Filter>
    </FxCompile>
    <FxCompile Include="color.fx">
      <Filter>Source File\Shader&amp;Vertex\Shader</Filter>
    </FxCompile>
    <FxCompile Include="LightHelper.fx">
      <Filter>Source File\Shader&amp;Vertex\Shader</Filter>
    </FxCompile>
  </ItemGroup>
</Project>