<?xml version="1.0" encoding="utf-8"?>
<Project ToolsVersion="4.0" xmlns="http://schemas.microsoft.com/developer/msbuild/2003">
  <ItemGroup>
    <ClCompile Include="SceneManager.cpp">
      <Filter>Test\Scene\SceneManager</Filter>
    </ClCompile>
    <ClCompile Include="TestScene.cpp">
      <Filter>Test\Scene</Filter>
    </ClCompile>
    <ClCompile Include="TestComponent 1.cpp">
      <Filter>Test\Component</Filter>
    </ClCompile>
    <ClCompile Include="TestComponent 2.cpp">
      <Filter>Test\Component</Filter>
    </ClCompile>
    <ClCompile Include="TestComponent.cpp">
      <Filter>Test\Component</Filter>
    </ClCompile>
    <ClCompile Include="TestObject.cpp">
      <Filter>Test\Object</Filter>
    </ClCompile>
    <ClCompile Include="TestObject_FInd.cpp">
      <Filter>Test\Object</Filter>
    </ClCompile>
    <ClCompile Include="TransformComponent.cpp">
      <Filter>Component\Transform</Filter>
    </ClCompile>
    <ClCompile Include="RenderComponent.cpp">
      <Filter>Component\Render</Filter>
    </ClCompile>
    <ClCompile Include="CameraComponent.cpp">
      <Filter>Component\Camera</Filter>
    </ClCompile>
    <ClCompile Include="GameScene.cpp">
      <Filter>Test\Scene</Filter>
    </ClCompile>
    <ClCompile Include="SpaceShip.cpp">
      <Filter>Test\Object</Filter>
    </ClCompile>
    <ClCompile Include="Planet.cpp">
      <Filter>Test\Object</Filter>
    </ClCompile>
    <ClCompile Include="Gravity.cpp">
      <Filter>Test\Component</Filter>
    </ClCompile>
    <ClCompile Include="GravitySystem.cpp">
      <Filter>Test\Component</Filter>
    </ClCompile>
    <ClCompile Include="Kinematic.cpp">
      <Filter>Test\Component</Filter>
    </ClCompile>
  </ItemGroup>
  <ItemGroup>
    <ClInclude Include="SceneManager.h">
      <Filter>Test\Scene\SceneManager</Filter>
    </ClInclude>
    <ClInclude Include="TestScene.h">
      <Filter>Test\Scene</Filter>
    </ClInclude>
    <ClInclude Include="TestComponent 1.h">
      <Filter>Test\Component</Filter>
    </ClInclude>
    <ClInclude Include="TestComponent 2.h">
      <Filter>Test\Component</Filter>
    </ClInclude>
    <ClInclude Include="TestComponent.h">
      <Filter>Test\Component</Filter>
    </ClInclude>
    <ClInclude Include="TestObject_Find.h">
      <Filter>Test\Object</Filter>
    </ClInclude>
    <ClInclude Include="TestObject.h">
      <Filter>Test\Object</Filter>
    </ClInclude>
    <ClInclude Include="TransformComponent.h">
      <Filter>Component\Transform</Filter>
    </ClInclude>
    <ClInclude Include="RenderComponent.h">
      <Filter>Component\Render</Filter>
    </ClInclude>
    <ClInclude Include="CameraComponent.h">
      <Filter>Component\Camera</Filter>
    </ClInclude>
    <ClInclude Include="GameScene.h">
      <Filter>Test\Scene</Filter>
    </ClInclude>
    <ClInclude Include="SpaceShip.h">
      <Filter>Test\Object</Filter>
    </ClInclude>
    <ClInclude Include="Planet.h">
      <Filter>Test\Object</Filter>
    </ClInclude>
    <ClInclude Include="Gravity.h">
      <Filter>Test\Component</Filter>
    </ClInclude>
    <ClInclude Include="CollisionSystem.h">
      <Filter>Test\Object</Filter>
    </ClInclude>
    <ClInclude Include="GravitySystem.h">
      <Filter>Test\Component</Filter>
    </ClInclude>
    <ClInclude Include="Kinematic.h">
      <Filter>Test\Component</Filter>
    </ClInclude>
  </ItemGroup>
  <ItemGroup>
    <Filter Include="Test">
      <UniqueIdentifier>{dbe8e2ef-60d6-41b9-ad5f-4736b6e68245}</UniqueIdentifier>
    </Filter>
    <Filter Include="Test\Component">
      <UniqueIdentifier>{1aa2957e-0e7b-4717-bb9e-c01d00ee003a}</UniqueIdentifier>
    </Filter>
    <Filter Include="Test\Scene">
      <UniqueIdentifier>{1856ce31-46ca-4391-9f02-66d74e4a4c77}</UniqueIdentifier>
    </Filter>
    <Filter Include="Test\Scene\SceneManager">
      <UniqueIdentifier>{ddbc6574-d4da-4f06-8aa4-14c8f882dca8}</UniqueIdentifier>
    </Filter>
    <Filter Include="Test\Object">
      <UniqueIdentifier>{6193c0d7-030d-4190-afa2-715305c0b589}</UniqueIdentifier>
    </Filter>
    <Filter Include="Component">
      <UniqueIdentifier>{f7a06771-f167-4fc9-a2cf-24ea420abbb4}</UniqueIdentifier>
    </Filter>
    <Filter Include="Component\Transform">
      <UniqueIdentifier>{cfa8612f-40e2-4afa-8ada-16665c8aa5ae}</UniqueIdentifier>
    </Filter>
    <Filter Include="Component\Render">
      <UniqueIdentifier>{508ccf38-edd0-4d5c-b9a1-463281dcd618}</UniqueIdentifier>
    </Filter>
    <Filter Include="Component\Camera">
      <UniqueIdentifier>{6b1737fd-6419-4413-a04c-dfcf4b00abf5}</UniqueIdentifier>
    </Filter>
  </ItemGroup>
</Project>